# lean-md.lock — generated by lean-md; commit this file.
# binary_version: 0.2.0
# Verify your own edits:  cd .lean-ctx && sha256sum -c lean-md.lock
75cab4f2eb639a5e7d3eb3aa05ef08ce15cb9af9c1511d33f853aae200440f56  lean-md/dispatch-contract.ext.lmd.md
516a415fe2a8dbd6d52292a803ec6301d59414459e6382793af74709723fbe2d  lean-md/hard-rules.ext.lmd.md
c2d80ee4f8cafbb5bcd589c22152e63000967c58028761ec5de71d28f972ef4e  lean-md/lang/rust.lmd.md
9552f7302b3d0b88e5fde01cc8715adb4ca67fdfdfa2f5ad1e6ffe7c726d492a  lean-md/parallel-dispatch.ext.lmd.md
ee8d158f5163b89e6317fbbf0d4418ebf34242d2a16efeebd212c3c72a11da88  lean-md/plan-recipes.lmd.md
b800db5634a0de2fc36298e7b30f4d454c533dd7e2495042683be3b371701667  lean-md/plan-template.lmd.md
e972fb69b92de3dd04e96ab945106e422bd3e7effe507d15068d803770ff70b3  lean-md/tooling/mcp-tools.lmd.md
